// !$*UTF8*$!
{
	archiveVersion = 1;
	classes = {
	};
	objectVersion = 55;
	objects = {

/* Begin PBXBuildFile section */
		D370603B2858F49E006D2856 /* Playlist.swift in Sources */ = {isa = PBXBuildFile; fileRef = D370603A2858F49E006D2856 /* Playlist.swift */; };
		D370603D2858FA76006D2856 /* PlaylistController.swift in Sources */ = {isa = PBXBuildFile; fileRef = D370603C2858FA76006D2856 /* PlaylistController.swift */; };
		D370603F28590B43006D2856 /* PlaylistsTableViewController.swift in Sources */ = {isa = PBXBuildFile; fileRef = D370603E28590B43006D2856 /* PlaylistsTableViewController.swift */; };
		D3C4236A2857A3BD00BC9321 /* AppDelegate.swift in Sources */ = {isa = PBXBuildFile; fileRef = D3C423692857A3BD00BC9321 /* AppDelegate.swift */; };
		D3C4236C2857A3BD00BC9321 /* SceneDelegate.swift in Sources */ = {isa = PBXBuildFile; fileRef = D3C4236B2857A3BD00BC9321 /* SceneDelegate.swift */; };
		D3C423712857A3BD00BC9321 /* Main.storyboard in Resources */ = {isa = PBXBuildFile; fileRef = D3C4236F2857A3BD00BC9321 /* Main.storyboard */; };
		D3C423732857A3C000BC9321 /* Assets.xcassets in Resources */ = {isa = PBXBuildFile; fileRef = D3C423722857A3C000BC9321 /* Assets.xcassets */; };
		D3C423762857A3C000BC9321 /* LaunchScreen.storyboard in Resources */ = {isa = PBXBuildFile; fileRef = D3C423742857A3C000BC9321 /* LaunchScreen.storyboard */; };
		D3C423852857A4D700BC9321 /* Song.swift in Sources */ = {isa = PBXBuildFile; fileRef = D3C423842857A4D700BC9321 /* Song.swift */; };
		D3C423872857A60D00BC9321 /* SongController.swift in Sources */ = {isa = PBXBuildFile; fileRef = D3C423862857A60D00BC9321 /* SongController.swift */; };
		D3C423892857AE3600BC9321 /* SongTableViewController.swift in Sources */ = {isa = PBXBuildFile; fileRef = D3C423882857AE3500BC9321 /* SongTableViewController.swift */; };
/* End PBXBuildFile section */

/* Begin PBXFileReference section */
		D370603A2858F49E006D2856 /* Playlist.swift */ = {isa = PBXFileReference; lastKnownFileType = sourcecode.swift; path = Playlist.swift; sourceTree = "<group>"; };
		D370603C2858FA76006D2856 /* PlaylistController.swift */ = {isa = PBXFileReference; lastKnownFileType = sourcecode.swift; path = PlaylistController.swift; sourceTree = "<group>"; };
		D370603E28590B43006D2856 /* PlaylistsTableViewController.swift */ = {isa = PBXFileReference; lastKnownFileType = sourcecode.swift; path = PlaylistsTableViewController.swift; sourceTree = "<group>"; };
		D3C423662857A3BD00BC9321 /* Playlist.app */ = {isa = PBXFileReference; explicitFileType = wrapper.application; includeInIndex = 0; path = Playlist.app; sourceTree = BUILT_PRODUCTS_DIR; };
		D3C423692857A3BD00BC9321 /* AppDelegate.swift */ = {isa = PBXFileReference; lastKnownFileType = sourcecode.swift; path = AppDelegate.swift; sourceTree = "<group>"; };
		D3C4236B2857A3BD00BC9321 /* SceneDelegate.swift */ = {isa = PBXFileReference; lastKnownFileType = sourcecode.swift; path = SceneDelegate.swift; sourceTree = "<group>"; };
		D3C423702857A3BD00BC9321 /* Base */ = {isa = PBXFileReference; lastKnownFileType = file.storyboard; name = Base; path = Base.lproj/Main.storyboard; sourceTree = "<group>"; };
		D3C423722857A3C000BC9321 /* Assets.xcassets */ = {isa = PBXFileReference; lastKnownFileType = folder.assetcatalog; path = Assets.xcassets; sourceTree = "<group>"; };
		D3C423752857A3C000BC9321 /* Base */ = {isa = PBXFileReference; lastKnownFileType = file.storyboard; name = Base; path = Base.lproj/LaunchScreen.storyboard; sourceTree = "<group>"; };
		D3C423772857A3C000BC9321 /* Info.plist */ = {isa = PBXFileReference; lastKnownFileType = text.plist.xml; path = Info.plist; sourceTree = "<group>"; };
		D3C423842857A4D700BC9321 /* Song.swift */ = {isa = PBXFileReference; lastKnownFileType = sourcecode.swift; path = Song.swift; sourceTree = "<group>"; };
		D3C423862857A60D00BC9321 /* SongController.swift */ = {isa = PBXFileReference; lastKnownFileType = sourcecode.swift; path = SongController.swift; sourceTree = "<group>"; };
		D3C423882857AE3500BC9321 /* SongTableViewController.swift */ = {isa = PBXFileReference; lastKnownFileType = sourcecode.swift; path = SongTableViewController.swift; sourceTree = "<group>"; };
/* End PBXFileReference section */

/* Begin PBXFrameworksBuildPhase section */
		D3C423632857A3BD00BC9321 /* Frameworks */ = {
			isa = PBXFrameworksBuildPhase;
			buildActionMask = 2147483647;
			files = (
			);
			runOnlyForDeploymentPostprocessing = 0;
		};
/* End PBXFrameworksBuildPhase section */

/* Begin PBXGroup section */
		D3C4235D2857A3BD00BC9321 = {
			isa = PBXGroup;
			children = (
				D3C423682857A3BD00BC9321 /* Playlist */,
				D3C423672857A3BD00BC9321 /* Products */,
			);
			sourceTree = "<group>";
		};
		D3C423672857A3BD00BC9321 /* Products */ = {
			isa = PBXGroup;
			children = (
				D3C423662857A3BD00BC9321 /* Playlist.app */,
			);
			name = Products;
			sourceTree = "<group>";
		};
		D3C423682857A3BD00BC9321 /* Playlist */ = {
			isa = PBXGroup;
			children = (
				D3C423832857A46000BC9321 /* Models */,
				D3C423802857A43F00BC9321 /* Controllers */,
				D3C4237F2857A41900BC9321 /* Views */,
				D3C4237D2857A3E100BC9321 /* Resources */,
			);
			path = Playlist;
			sourceTree = "<group>";
		};
		D3C4237D2857A3E100BC9321 /* Resources */ = {
			isa = PBXGroup;
			children = (
				D3C423692857A3BD00BC9321 /* AppDelegate.swift */,
				D3C4236B2857A3BD00BC9321 /* SceneDelegate.swift */,
				D3C423722857A3C000BC9321 /* Assets.xcassets */,
				D3C423742857A3C000BC9321 /* LaunchScreen.storyboard */,
				D3C423772857A3C000BC9321 /* Info.plist */,
			);
			path = Resources;
			sourceTree = "<group>";
		};
		D3C4237E2857A3F300BC9321 /* Storyboards */ = {
			isa = PBXGroup;
			children = (
				D3C4236F2857A3BD00BC9321 /* Main.storyboard */,
			);
			path = Storyboards;
			sourceTree = "<group>";
		};
		D3C4237F2857A41900BC9321 /* Views */ = {
			isa = PBXGroup;
			children = (
				D3C4237E2857A3F300BC9321 /* Storyboards */,
			);
			path = Views;
			sourceTree = "<group>";
		};
		D3C423802857A43F00BC9321 /* Controllers */ = {
			isa = PBXGroup;
			children = (
				D3C423822857A45100BC9321 /* ModelControllers */,
				D3C423812857A44800BC9321 /* ViewControllers */,
			);
			path = Controllers;
			sourceTree = "<group>";
		};
		D3C423812857A44800BC9321 /* ViewControllers */ = {
			isa = PBXGroup;
			children = (
				D3C423882857AE3500BC9321 /* SongTableViewController.swift */,
				D370603E28590B43006D2856 /* PlaylistsTableViewController.swift */,
			);
			path = ViewControllers;
			sourceTree = "<group>";
		};
		D3C423822857A45100BC9321 /* ModelControllers */ = {
			isa = PBXGroup;
			children = (
				D3C423862857A60D00BC9321 /* SongController.swift */,
				D370603C2858FA76006D2856 /* PlaylistController.swift */,
			);
			path = ModelControllers;
			sourceTree = "<group>";
		};
		D3C423832857A46000BC9321 /* Models */ = {
			isa = PBXGroup;
			children = (
				D3C423842857A4D700BC9321 /* Song.swift */,
				D370603A2858F49E006D2856 /* Playlist.swift */,
			);
			path = Models;
			sourceTree = "<group>";
		};
/* End PBXGroup section */

/* Begin PBXNativeTarget section */
		D3C423652857A3BD00BC9321 /* Playlist */ = {
			isa = PBXNativeTarget;
			buildConfigurationList = D3C4237A2857A3C000BC9321 /* Build configuration list for PBXNativeTarget "Playlist" */;
			buildPhases = (
				D3C423622857A3BD00BC9321 /* Sources */,
				D3C423632857A3BD00BC9321 /* Frameworks */,
				D3C423642857A3BD00BC9321 /* Resources */,
			);
			buildRules = (
			);
			dependencies = (
			);
			name = Playlist;
			productName = Playlist;
			productReference = D3C423662857A3BD00BC9321 /* Playlist.app */;
			productType = "com.apple.product-type.application";
		};
/* End PBXNativeTarget section */

/* Begin PBXProject section */
		D3C4235E2857A3BD00BC9321 /* Project object */ = {
			isa = PBXProject;
			attributes = {
				BuildIndependentTargetsInParallel = 1;
				LastSwiftUpdateCheck = 1340;
				LastUpgradeCheck = 1340;
				TargetAttributes = {
					D3C423652857A3BD00BC9321 = {
						CreatedOnToolsVersion = 13.4.1;
					};
				};
			};
			buildConfigurationList = D3C423612857A3BD00BC9321 /* Build configuration list for PBXProject "Playlist" */;
			compatibilityVersion = "Xcode 13.0";
			developmentRegion = en;
			hasScannedForEncodings = 0;
			knownRegions = (
				en,
				Base,
			);
			mainGroup = D3C4235D2857A3BD00BC9321;
			productRefGroup = D3C423672857A3BD00BC9321 /* Products */;
			projectDirPath = "";
			projectRoot = "";
			targets = (
				D3C423652857A3BD00BC9321 /* Playlist */,
			);
		};
/* End PBXProject section */

/* Begin PBXResourcesBuildPhase section */
		D3C423642857A3BD00BC9321 /* Resources */ = {
			isa = PBXResourcesBuildPhase;
			buildActionMask = 2147483647;
			files = (
				D3C423762857A3C000BC9321 /* LaunchScreen.storyboard in Resources */,
				D3C423732857A3C000BC9321 /* Assets.xcassets in Resources */,
				D3C423712857A3BD00BC9321 /* Main.storyboard in Resources */,
			);
			runOnlyForDeploymentPostprocessing = 0;
		};
/* End PBXResourcesBuildPhase section */

/* Begin PBXSourcesBuildPhase section */
		D3C423622857A3BD00BC9321 /* Sources */ = {
			isa = PBXSourcesBuildPhase;
			buildActionMask = 2147483647;
			files = (
				D3C423892857AE3600BC9321 /* SongTableViewController.swift in Sources */,
				D3C423852857A4D700BC9321 /* Song.swift in Sources */,
				D3C4236A2857A3BD00BC9321 /* AppDelegate.swift in Sources */,
				D3C423872857A60D00BC9321 /* SongController.swift in Sources */,
				D3C4236C2857A3BD00BC9321 /* SceneDelegate.swift in Sources */,
				D370603F28590B43006D2856 /* PlaylistsTableViewController.swift in Sources */,
				D370603B2858F49E006D2856 /* Playlist.swift in Sources */,
				D370603D2858FA76006D2856 /* PlaylistController.swift in Sources */,
			);
			runOnlyForDeploymentPostprocessing = 0;
		};
/* End PBXSourcesBuildPhase section */

/* Begin PBXVariantGroup section */
		D3C4236F2857A3BD00BC9321 /* Main.storyboard */ = {
			isa = PBXVariantGroup;
			children = (
				D3C423702857A3BD00BC9321 /* Base */,
			);
			name = Main.storyboard;
			sourceTree = "<group>";
		};
		D3C423742857A3C000BC9321 /* LaunchScreen.storyboard */ = {
			isa = PBXVariantGroup;
			children = (
				D3C423752857A3C000BC9321 /* Base */,
			);
			name = LaunchScreen.storyboard;
			sourceTree = "<group>";
		};
/* End PBXVariantGroup section */

/* Begin XCBuildConfiguration section */
		D3C423782857A3C000BC9321 /* Debug */ = {
			isa = XCBuildConfiguration;
			buildSettings = {
				ALWAYS_SEARCH_USER_PATHS = NO;
				CLANG_ANALYZER_NONNULL = YES;
				CLANG_ANALYZER_NUMBER_OBJECT_CONVERSION = YES_AGGRESSIVE;
				CLANG_CXX_LANGUAGE_STANDARD = "gnu++17";
				CLANG_ENABLE_MODULES = YES;
				CLANG_ENABLE_OBJC_ARC = YES;
				CLANG_ENABLE_OBJC_WEAK = YES;
				CLANG_WARN_BLOCK_CAPTURE_AUTORELEASING = YES;
				CLANG_WARN_BOOL_CONVERSION = YES;
				CLANG_WARN_COMMA = YES;
				CLANG_WARN_CONSTANT_CONVERSION = YES;
				CLANG_WARN_DEPRECATED_OBJC_IMPLEMENTATIONS = YES;
				CLANG_WARN_DIRECT_OBJC_ISA_USAGE = YES_ERROR;
				CLANG_WARN_DOCUMENTATION_COMMENTS = YES;
				CLANG_WARN_EMPTY_BODY = YES;
				CLANG_WARN_ENUM_CONVERSION = YES;
				CLANG_WARN_INFINITE_RECURSION = YES;
				CLANG_WARN_INT_CONVERSION = YES;
				CLANG_WARN_NON_LITERAL_NULL_CONVERSION = YES;
				CLANG_WARN_OBJC_IMPLICIT_RETAIN_SELF = YES;
				CLANG_WARN_OBJC_LITERAL_CONVERSION = YES;
				CLANG_WARN_OBJC_ROOT_CLASS = YES_ERROR;
				CLANG_WARN_QUOTED_INCLUDE_IN_FRAMEWORK_HEADER = YES;
				CLANG_WARN_RANGE_LOOP_ANALYSIS = YES;
				CLANG_WARN_STRICT_PROTOTYPES = YES;
				CLANG_WARN_SUSPICIOUS_MOVE = YES;
				CLANG_WARN_UNGUARDED_AVAILABILITY = YES_AGGRESSIVE;
				CLANG_WARN_UNREACHABLE_CODE = YES;
				CLANG_WARN__DUPLICATE_METHOD_MATCH = YES;
				COPY_PHASE_STRIP = NO;
				DEBUG_INFORMATION_FORMAT = dwarf;
				ENABLE_STRICT_OBJC_MSGSEND = YES;
				ENABLE_TESTABILITY = YES;
				GCC_C_LANGUAGE_STANDARD = gnu11;
				GCC_DYNAMIC_NO_PIC = NO;
				GCC_NO_COMMON_BLOCKS = YES;
				GCC_OPTIMIZATION_LEVEL = 0;
				GCC_PREPROCESSOR_DEFINITIONS = (
					"DEBUG=1",
					"$(inherited)",
				);
				GCC_WARN_64_TO_32_BIT_CONVERSION = YES;
				GCC_WARN_ABOUT_RETURN_TYPE = YES_ERROR;
				GCC_WARN_UNDECLARED_SELECTOR = YES;
				GCC_WARN_UNINITIALIZED_AUTOS = YES_AGGRESSIVE;
				GCC_WARN_UNUSED_FUNCTION = YES;
				GCC_WARN_UNUSED_VARIABLE = YES;
				IPHONEOS_DEPLOYMENT_TARGET = 15.5;
				MTL_ENABLE_DEBUG_INFO = INCLUDE_SOURCE;
				MTL_FAST_MATH = YES;
				ONLY_ACTIVE_ARCH = YES;
				SDKROOT = iphoneos;
				SWIFT_ACTIVE_COMPILATION_CONDITIONS = DEBUG;
				SWIFT_OPTIMIZATION_LEVEL = "-Onone";
			};
			name = Debug;
		};
		D3C423792857A3C000BC9321 /* Release */ = {
			isa = XCBuildConfiguration;
			buildSettings = {
				ALWAYS_SEARCH_USER_PATHS = NO;
				CLANG_ANALYZER_NONNULL = YES;
				CLANG_ANALYZER_NUMBER_OBJECT_CONVERSION = YES_AGGRESSIVE;
				CLANG_CXX_LANGUAGE_STANDARD = "gnu++17";
				CLANG_ENABLE_MODULES = YES;
				CLANG_ENABLE_OBJC_ARC = YES;
				CLANG_ENABLE_OBJC_WEAK = YES;
				CLANG_WARN_BLOCK_CAPTURE_AUTORELEASING = YES;
				CLANG_WARN_BOOL_CONVERSION = YES;
				CLANG_WARN_COMMA = YES;
				CLANG_WARN_CONSTANT_CONVERSION = YES;
				CLANG_WARN_DEPRECATED_OBJC_IMPLEMENTATIONS = YES;
				CLANG_WARN_DIRECT_OBJC_ISA_USAGE = YES_ERROR;
				CLANG_WARN_DOCUMENTATION_COMMENTS = YES;
				CLANG_WARN_EMPTY_BODY = YES;
				CLANG_WARN_ENUM_CONVERSION = YES;
				CLANG_WARN_INFINITE_RECURSION = YES;
				CLANG_WARN_INT_CONVERSION = YES;
				CLANG_WARN_NON_LITERAL_NULL_CONVERSION = YES;
				CLANG_WARN_OBJC_IMPLICIT_RETAIN_SELF = YES;
				CLANG_WARN_OBJC_LITERAL_CONVERSION = YES;
				CLANG_WARN_OBJC_ROOT_CLASS = YES_ERROR;
				CLANG_WARN_QUOTED_INCLUDE_IN_FRAMEWORK_HEADER = YES;
				CLANG_WARN_RANGE_LOOP_ANALYSIS = YES;
				CLANG_WARN_STRICT_PROTOTYPES = YES;
				CLANG_WARN_SUSPICIOUS_MOVE = YES;
				CLANG_WARN_UNGUARDED_AVAILABILITY = YES_AGGRESSIVE;
				CLANG_WARN_UNREACHABLE_CODE = YES;
				CLANG_WARN__DUPLICATE_METHOD_MATCH = YES;
				COPY_PHASE_STRIP = NO;
				DEBUG_INFORMATION_FORMAT = "dwarf-with-dsym";
				ENABLE_NS_ASSERTIONS = NO;
				ENABLE_STRICT_OBJC_MSGSEND = YES;
				GCC_C_LANGUAGE_STANDARD = gnu11;
				GCC_NO_COMMON_BLOCKS = YES;
				GCC_WARN_64_TO_32_BIT_CONVERSION = YES;
				GCC_WARN_ABOUT_RETURN_TYPE = YES_ERROR;
				GCC_WARN_UNDECLARED_SELECTOR = YES;
				GCC_WARN_UNINITIALIZED_AUTOS = YES_AGGRESSIVE;
				GCC_WARN_UNUSED_FUNCTION = YES;
				GCC_WARN_UNUSED_VARIABLE = YES;
				IPHONEOS_DEPLOYMENT_TARGET = 15.5;
				MTL_ENABLE_DEBUG_INFO = NO;
				MTL_FAST_MATH = YES;
				SDKROOT = iphoneos;
				SWIFT_COMPILATION_MODE = wholemodule;
				SWIFT_OPTIMIZATION_LEVEL = "-O";
				VALIDATE_PRODUCT = YES;
			};
			name = Release;
		};
		D3C4237B2857A3C000BC9321 /* Debug */ = {
			isa = XCBuildConfiguration;
			buildSettings = {
				ASSETCATALOG_COMPILER_APPICON_NAME = AppIcon;
				ASSETCATALOG_COMPILER_GLOBAL_ACCENT_COLOR_NAME = AccentColor;
				CODE_SIGN_STYLE = Automatic;
				CURRENT_PROJECT_VERSION = 1;
				DEVELOPMENT_TEAM = TJJN6CB2K4;
				GENERATE_INFOPLIST_FILE = YES;
				INFOPLIST_FILE = Playlist/Resources/Info.plist;
				INFOPLIST_KEY_UIApplicationSupportsIndirectInputEvents = YES;
				INFOPLIST_KEY_UILaunchStoryboardName = LaunchScreen;
				INFOPLIST_KEY_UIMainStoryboardFile = Main;
				INFOPLIST_KEY_UISupportedInterfaceOrientations_iPad = "UIInterfaceOrientationPortrait UIInterfaceOrientationPortraitUpsideDown UIInterfaceOrientationLandscapeLeft UIInterfaceOrientationLandscapeRight";
				INFOPLIST_KEY_UISupportedInterfaceOrientations_iPhone = "UIInterfaceOrientationPortrait UIInterfaceOrientationLandscapeLeft UIInterfaceOrientationLandscapeRight";
				LD_RUNPATH_SEARCH_PATHS = (
					"$(inherited)",
					"@executable_path/Frameworks",
				);
				MARKETING_VERSION = 1.0;
				PRODUCT_BUNDLE_IDENTIFIER = GongawareLaura.Playlist;
				PRODUCT_NAME = "$(TARGET_NAME)";
				SWIFT_EMIT_LOC_STRINGS = YES;
				SWIFT_VERSION = 5.0;
				TARGETED_DEVICE_FAMILY = "1,2";
			};
			name = Debug;
		};
		D3C4237C2857A3C000BC9321 /* Release */ = {
			isa = XCBuildConfiguration;
			buildSettings = {
				ASSETCATALOG_COMPILER_APPICON_NAME = AppIcon;
				ASSETCATALOG_COMPILER_GLOBAL_ACCENT_COLOR_NAME = AccentColor;
				CODE_SIGN_STYLE = Automatic;
				CURRENT_PROJECT_VERSION = 1;
				DEVELOPMENT_TEAM = TJJN6CB2K4;
				GENERATE_INFOPLIST_FILE = YES;
				INFOPLIST_FILE = Playlist/Resources/Info.plist;
				INFOPLIST_KEY_UIApplicationSupportsIndirectInputEvents = YES;
				INFOPLIST_KEY_UILaunchStoryboardName = LaunchScreen;
				INFOPLIST_KEY_UIMainStoryboardFile = Main;
				INFOPLIST_KEY_UISupportedInterfaceOrientations_iPad = "UIInterfaceOrientationPortrait UIInterfaceOrientationPortraitUpsideDown UIInterfaceOrientationLandscapeLeft UIInterfaceOrientationLandscapeRight";
				INFOPLIST_KEY_UISupportedInterfaceOrientations_iPhone = "UIInterfaceOrientationPortrait UIInterfaceOrientationLandscapeLeft UIInterfaceOrientationLandscapeRight";
				LD_RUNPATH_SEARCH_PATHS = (
					"$(inherited)",
					"@executable_path/Frameworks",
				);
				MARKETING_VERSION = 1.0;
				PRODUCT_BUNDLE_IDENTIFIER = GongawareLaura.Playlist;
				PRODUCT_NAME = "$(TARGET_NAME)";
				SWIFT_EMIT_LOC_STRINGS = YES;
				SWIFT_VERSION = 5.0;
				TARGETED_DEVICE_FAMILY = "1,2";
			};
			name = Release;
		};
/* End XCBuildConfiguration section */

/* Begin XCConfigurationList section */
		D3C423612857A3BD00BC9321 /* Build configuration list for PBXProject "Playlist" */ = {
			isa = XCConfigurationList;
			buildConfigurations = (
				D3C423782857A3C000BC9321 /* Debug */,
				D3C423792857A3C000BC9321 /* Release */,
			);
			defaultConfigurationIsVisible = 0;
			defaultConfigurationName = Release;
		};
		D3C4237A2857A3C000BC9321 /* Build configuration list for PBXNativeTarget "Playlist" */ = {
			isa = XCConfigurationList;
			buildConfigurations = (
				D3C4237B2857A3C000BC9321 /* Debug */,
				D3C4237C2857A3C000BC9321 /* Release */,
			);
			defaultConfigurationIsVisible = 0;
			defaultConfigurationName = Release;
		};
/* End XCConfigurationList section */
	};
	rootObject = D3C4235E2857A3BD00BC9321 /* Project object */;
}
